# THIS IS AN AUTOGENERATED FILE. DO NOT EDIT THIS FILE DIRECTLY.
# yarn lockfile v1


"@types/aws-lambda@^8.10.63":
  version "8.10.63"
  resolved "https://registry.yarnpkg.com/@types/aws-lambda/-/aws-lambda-8.10.63.tgz#3316174e7a23b8505d1b7bdc979a5c3030d5e203"
  integrity sha512-XEE+3iJxyeCmZTUoHZRbnxSy8aMxXXwrALgsoDBGcgkbll+8bDfuk4XbIJ9Oaec/Pxee6rno6SGMiV6EbqhF+A==
